<Solution>
  <Project Path="WeddingInvite.API/WeddingInvite.API.csproj" />
  <Project Path="WeddingInvite.Core/WeddingInvite.Core.csproj" />
  <Project Path="WeddingInvite.Data/WeddingInvite.Data.csproj" />
  <Project Path="WeddingInvite.Models/WeddingInvite.Models.csproj" />
  <Project Path="WeddingInvite.Tests/WeddingInvite.Tests.csproj" />
</Solution>
